
Microsoft Visual Studio Solution File, Format Version 10.00
# Visual Studio 2008
Project("{FAE04EC0-301F-11D3-BF4B-00C04F79EFBC}") = "Inventario", "Inventario.csproj", "{8B9D0D11-E332-4073-BF08-C11042C0F5AD}"
EndProject
Project("{FAE04EC0-301F-11D3-BF4B-00C04F79EFBC}") = "accesoDatos", "..\accesoDatos\accesoDatos.csproj", "{75FFBD5E-8321-43CA-9E02-003D6B73A284}"
EndProject
Project("{FAE04EC0-301F-11D3-BF4B-00C04F79EFBC}") = "Logica", "..\Logica\Logica\Logica.csproj", "{C51A7FCA-D9DF-4963-8AC9-A264E64D6AFA}"
EndProject
Global
	GlobalSection(SolutionConfigurationPlatforms) = preSolution
		Debug|Any CPU = Debug|Any CPU
		Release|Any CPU = Release|Any CPU
	EndGlobalSection
	GlobalSection(ProjectConfigurationPlatforms) = postSolution
		{8B9D0D11-E332-4073-BF08-C11042C0F5AD}.Debug|Any CPU.ActiveCfg = Debug|Any CPU
		{8B9D0D11-E332-4073-BF08-C11042C0F5AD}.Debug|Any CPU.Build.0 = Debug|Any CPU
		{8B9D0D11-E332-4073-BF08-C11042C0F5AD}.Release|Any CPU.ActiveCfg = Release|Any CPU
		{8B9D0D11-E332-4073-BF08-C11042C0F5AD}.Release|Any CPU.Build.0 = Release|Any CPU
		{75FFBD5E-8321-43CA-9E02-003D6B73A284}.Debug|Any CPU.ActiveCfg = Debug|Any CPU
		{75FFBD5E-8321-43CA-9E02-003D6B73A284}.Debug|Any CPU.Build.0 = Debug|Any CPU
		{75FFBD5E-8321-43CA-9E02-003D6B73A284}.Release|Any CPU.ActiveCfg = Release|Any CPU
		{75FFBD5E-8321-43CA-9E02-003D6B73A284}.Release|Any CPU.Build.0 = Release|Any CPU
		{C51A7FCA-D9DF-4963-8AC9-A264E64D6AFA}.Debug|Any CPU.ActiveCfg = Debug|Any CPU
		{C51A7FCA-D9DF-4963-8AC9-A264E64D6AFA}.Debug|Any CPU.Build.0 = Debug|Any CPU
		{C51A7FCA-D9DF-4963-8AC9-A264E64D6AFA}.Release|Any CPU.ActiveCfg = Release|Any CPU
		{C51A7FCA-D9DF-4963-8AC9-A264E64D6AFA}.Release|Any CPU.Build.0 = Release|Any CPU
	EndGlobalSection
	GlobalSection(SolutionProperties) = preSolution
		HideSolutionNode = FALSE
	EndGlobalSection
EndGlobal
